// !$*UTF8*$!
{
	archiveVersion = 1;
	classes = {
	};
	objectVersion = 46;
	objects = {

		E4C3818D5D10599D6775B8BD = {isa = PBXBuildFile; fileRef = 39CDDEBAA56612A45AC77510; };
		6E1A9A50B09E6F94EF418948 = {isa = PBXBuildFile; fileRef = DFC5FD9689BB792C0EAB9C54; };
		CE4A798339493FE789D1E31F = {isa = PBXBuildFile; fileRef = 5597FA34C5F4F56B14453C67; };
		B223A4641AAB8FEF72861D4F = {isa = PBXBuildFile; fileRef = F2D488FE3687F9EA54B2DD11; };
		42C536E1BB18AF238C201FDE = {isa = PBXBuildFile; fileRef = CE7B388A90867F56BBFD8185; };
		01DC264DA1E4B3ADE3FC9F33 = {isa = PBXBuildFile; fileRef = 6548C7EEC9C9FA02443EEAFB; };
		4F667B5DF823E9160F01E1D2 = {isa = PBXBuildFile; fileRef = 1CC260656A4AD5F1C62BA100; };
		75DB4D2B2FDCE5CD02D9BA03 = {isa = PBXBuildFile; fileRef = 8C444824784E2AB8542F7102; };
		F4AA6B99FEFFCD8EDB7634CD = {isa = PBXBuildFile; fileRef = DAD02B2F5168831E69A2A7FA; };
		820B7532D039D35295F69A28 = {isa = PBXBuildFile; fileRef = BFF91112B6449314E50A44EE; };
		EC6F1C58C6501C6C8C0EC4EA = {isa = PBXBuildFile; fileRef = 600D3B435D08E8540EC601F6; };
		424F63014CD95CE0B3B3DAA7 = {isa = PBXBuildFile; fileRef = ECF256A3595F197AC4094357; };
		455AC68A98461522A571813F = {isa = PBXBuildFile; fileRef = 5619ED141713EF7F4CA7D7ED; };
		ABB7942D560818A8F3BFEEED = {isa = PBXBuildFile; fileRef = 5373B482DEF9183872C2431B; };
		793744B5FA9AD6D159021552 = {isa = PBXBuildFile; fileRef = 08C9FBE694145A7B31A8613D; };
		70568690A29CD2C5ED621330 = {isa = PBXBuildFile; fileRef = 98CF191E00594E55FDCA0C77; };
		4E70B4E8F3C90A62E84B85A5 = {isa = PBXBuildFile; fileRef = 410D5914507A1B44E9517FC1; };
		52792A3D9A0A42B30B515DC6 = {isa = PBXBuildFile; fileRef = 4E268728686F60B59EDC20C8; };
		833FFE120ADF69DA53FE7CD0 = {isa = PBXBuildFile; fileRef = EF06D7FBCFF7A41EE75F86D9; };
		FB46CB4E4DA4DF6D1A1EFEFF = {isa = PBXBuildFile; fileRef = 5B8943849EFCCE5076373C07; };
		C5ED4D22FD1B781D6CD46256 = {isa = PBXBuildFile; fileRef = 741258CA2718C23D24A39B6F; };
		3408B6361A923EFBAE184027 = {isa = PBXBuildFile; fileRef = 34A5CB8A24E0F13DCD86E99C; };
		37F56BA0B2A3AC69C2B757D1 = {isa = PBXBuildFile; fileRef = B20AC3DFC7F862B49736612F; };
		DEDF49C4A14FAED7BA10AB10 = {isa = PBXBuildFile; fileRef = 7E58BF5E632122D05C3606FE; };
		8FAFFEADBE2F1DB52665B3D1 = {isa = PBXBuildFile; fileRef = 0BAAAD991EF0603DCB47E144; };
		E445C2AA1228738E552B814E = {isa = PBXBuildFile; fileRef = 8E654284F2F05234D784CC5A; };
		35093BCC1575A5D4C965C14F = {isa = PBXBuildFile; fileRef = 984C57F95AFF49B03982C1AF; };
		D78B949EDA28020EAC2597D1 = {isa = PBXBuildFile; fileRef = 5E798AC76179B5DFEFA23D07; };
		704DFEA1D2E02E66161CE872 = {isa = PBXBuildFile; fileRef = EB5623F1A5B6F299459D7ECB; };
		479C192A87BA5A0B3C612E05 = {isa = PBXBuildFile; fileRef = 1867D0E55BB0E5C12416A154; };
		F8EDF33047567AEFEE2F672C = {isa = PBXBuildFile; fileRef = 34A5C80F4A98F54EE0BBD640; };
		356CAF5E68C6C1EB236BD103 = {isa = PBXBuildFile; fileRef = C5CC1E15D342AAE217348A76; };
		23A4AEAB3DF46884B1FD07F5 = {isa = PBXBuildFile; fileRef = F0AED5A384AF22DD771AB17D; };
		AD4666B55009A7B5EC4C1EF3 = {isa = PBXBuildFile; fileRef = C16D0A2B3CFA45858CB1A9B8; };
		0925FC0F88934040FB01C3A6 = {isa = PBXBuildFile; fileRef = E7486843D3CCB4B389405139; };
		A13CACEE945A7355054B53F1 = {isa = PBXBuildFile; fileRef = 951BA1733D46506D2C794250; };
		850BBD184E7680DC8B428FF2 = {isa = PBXBuildFile; fileRef = 544155AEC13544D3E7B10B21; };
		154F967B1363BDE8C498504B = {isa = PBXBuildFile; fileRef = F4D0DA85CF9CE9323C4C97F4; };
		BE217DF1003C34D1487849E8 = {isa = PBXBuildFile; fileRef = 93916F9FDFD27B937D65D852; };
		268CB2E02D3D9142A0B07AC5 = {isa = PBXBuildFile; fileRef = A3FAD9E3BE2B04384D90EB05; };
		516D569E087C05C431628F53 = {isa = PBXBuildFile; fileRef = B9AD33400DAE86D6F48F8BC6; };
		5B037BC6A649D30875573CB7 = {isa = PBXBuildFile; fileRef = 098DDE94A3D6AA58361A1C94; };
		488EC403E13546CA0628D627 = {isa = PBXBuildFile; fileRef = 5A666741BC683416D6CD00F8; };
		ABCA81D76854104D5B0AB657 = {isa = PBXBuildFile; fileRef = C3CAC0D948708705796B0F4F; };
		06267F8F645CB0C1FF94F7CA = {isa = PBXFileReference; lastKnownFileType = file; name = "juce_events"; path = "../../../../JUCE/modules/juce_events"; sourceTree = "SOURCE_ROOT"; };
		08C9FBE694145A7B31A8613D = {isa = PBXFileReference; lastKnownFileType = wrapper.framework; name = CoreMIDI.framework; path = System/Library/Frameworks/CoreMIDI.framework; sourceTree = SDKROOT; };
		098DDE94A3D6AA58361A1C94 = {isa = PBXFileReference; lastKnownFileType = sourcecode.cpp.objcpp; name = "include_juce_gui_extra.mm"; path = "../../JuceLibraryCode/include_juce_gui_extra.mm"; sourceTree = "SOURCE_ROOT"; };
		0BAAAD991EF0603DCB47E144 = {isa = PBXFileReference; lastKnownFileType = sourcecode.cpp.objcpp; name = "include_juce_audio_devices.mm"; path = "../../JuceLibraryCode/include_juce_audio_devices.mm"; sourceTree = "SOURCE_ROOT"; };
		160C09E5B7F2141DF1F00430 = {isa = PBXFileReference; lastKnownFileType = file; name = "juce_audio_formats"; path = "../../../../JUCE/modules/juce_audio_formats"; sourceTree = "SOURCE_ROOT"; };
		1867D0E55BB0E5C12416A154 = {isa = PBXFileReference; lastKnownFileType = sourcecode.cpp.cpp; name = "include_juce_audio_plugin_client_Standalone.cpp"; path = "../../JuceLibraryCode/include_juce_audio_plugin_client_Standalone.cpp"; sourceTree = "SOURCE_ROOT"; };
		1CC260656A4AD5F1C62BA100 = {isa = PBXFileReference; lastKnownFileType = wrapper.framework; name = AudioUnit.framework; path = System/Library/Frameworks/AudioUnit.framework; sourceTree = SDKROOT; };
		1DF373681DEECC933002525F = {isa = PBXFileReference; lastKnownFileType = text.plist.xml; name = "Info-Standalone_Plugin.plist"; path = "Info-Standalone_Plugin.plist"; sourceTree = "SOURCE_ROOT"; };
		26710AFC28A192F84EFE7938 = {isa = PBXFileReference; lastKnownFileType = sourcecode.c.h; name = PluginEditor.h; path = ../../Source/PluginEditor.h; sourceTree = "SOURCE_ROOT"; };
		31F56D61940C0EBD917511F0 = {isa = PBXFileReference; lastKnownFileType = file; name = "juce_video"; path = "../../../../JUCE/modules/juce_video"; sourceTree = "SOURCE_ROOT"; };
		34A5C80F4A98F54EE0BBD640 = {isa = PBXFileReference; lastKnownFileType = sourcecode.cpp.cpp; name = "include_juce_audio_plugin_client_utils.cpp"; path = "../../JuceLibraryCode/include_juce_audio_plugin_client_utils.cpp"; sourceTree = "SOURCE_ROOT"; };
		34A5CB8A24E0F13DCD86E99C = {isa = PBXFileReference; lastKnownFileType = sourcecode.cpp.cpp; name = PluginProcessor.cpp; path = ../../Source/PluginProcessor.cpp; sourceTree = "SOURCE_ROOT"; };
		35383533C165B64001A5E7DB = {isa = PBXFileReference; lastKnownFileType = file; name = "juce_data_structures"; path = "../../../../JUCE/modules/juce_data_structures"; sourceTree = "SOURCE_ROOT"; };
		39CDDEBAA56612A45AC77510 = {isa = PBXFileReference; explicitFileType = wrapper.cfbundle; includeInIndex = 0; path = "BPM_Counter.vst"; sourceTree = "BUILT_PRODUCTS_DIR"; };
		3A6B25487515FD5F15A77503 = {isa = PBXFileReference; lastKnownFileType = text.plist.xml; name = "Info-VST.plist"; path = "Info-VST.plist"; sourceTree = "SOURCE_ROOT"; };
		410D5914507A1B44E9517FC1 = {isa = PBXFileReference; lastKnownFileType = wrapper.framework; name = IOKit.framework; path = System/Library/Frameworks/IOKit.framework; sourceTree = SDKROOT; };
		4968D4771FF28A24AE742B3A = {isa = PBXFileReference; lastKnownFileType = text.plist.xml; name = "Info-AU.plist"; path = "Info-AU.plist"; sourceTree = "SOURCE_ROOT"; };
		4E268728686F60B59EDC20C8 = {isa = PBXFileReference; lastKnownFileType = wrapper.framework; name = OpenGL.framework; path = System/Library/Frameworks/OpenGL.framework; sourceTree = SDKROOT; };
		5373B482DEF9183872C2431B = {isa = PBXFileReference; lastKnownFileType = wrapper.framework; name = CoreMedia.framework; path = System/Library/Frameworks/CoreMedia.framework; sourceTree = SDKROOT; };
		544155AEC13544D3E7B10B21 = {isa = PBXFileReference; lastKnownFileType = sourcecode.cpp.objcpp; name = "include_juce_cryptography.mm"; path = "../../JuceLibraryCode/include_juce_cryptography.mm"; sourceTree = "SOURCE_ROOT"; };
		551DDA88AB79630693199749 = {isa = PBXFileReference; lastKnownFileType = file; name = "juce_gui_extra"; path = "../../../../JUCE/modules/juce_gui_extra"; sourceTree = "SOURCE_ROOT"; };
		5619ED141713EF7F4CA7D7ED = {isa = PBXFileReference; lastKnownFileType = wrapper.framework; name = CoreAudioKit.framework; path = System/Library/Frameworks/CoreAudioKit.framework; sourceTree = SDKROOT; };
		58B8729E499858ABC423313D = {isa = PBXFileReference; lastKnownFileType = text.plist.xml; name = "BPM_Counter.entitlements"; path = "BPM_Counter.entitlements"; sourceTree = "SOURCE_ROOT"; };
		5A666741BC683416D6CD00F8 = {isa = PBXFileReference; lastKnownFileType = sourcecode.cpp.objcpp; name = "include_juce_opengl.mm"; path = "../../JuceLibraryCode/include_juce_opengl.mm"; sourceTree = "SOURCE_ROOT"; };
		5AADC0008E841AA6F424950E = {isa = PBXFileReference; lastKnownFileType = sourcecode.c.h; name = Counter.h; path = ../../Source/Counter.h; sourceTree = "SOURCE_ROOT"; };
		5E798AC76179B5DFEFA23D07 = {isa = PBXFileReference; lastKnownFileType = sourcecode.cpp.objcpp; name = "include_juce_audio_plugin_client_AU_1.mm"; path = "../../JuceLibraryCode/include_juce_audio_plugin_client_AU_1.mm"; sourceTree = "SOURCE_ROOT"; };
		600D3B435D08E8540EC601F6 = {isa = PBXFileReference; lastKnownFileType = wrapper.framework; name = Cocoa.framework; path = System/Library/Frameworks/Cocoa.framework; sourceTree = SDKROOT; };
		6526F8DA0FCACCCBDE2442B9 = {isa = PBXFileReference; lastKnownFileType = file; name = "juce_audio_processors"; path = "../../../../JUCE/modules/juce_audio_processors"; sourceTree = "SOURCE_ROOT"; };
		6CFD0E7E65322EAF1FFB6D22 = {isa = PBXFileReference; lastKnownFileType = file; name = "juce_graphics"; path = "../../../../JUCE/modules/juce_graphics"; sourceTree = "SOURCE_ROOT"; };
		6EC937C453D8E96028EDFCD6 = {isa = PBXFileReference; lastKnownFileType = file; name = "juce_core"; path = "../../../../JUCE/modules/juce_core"; sourceTree = "SOURCE_ROOT"; };
		721CE1A8E14EBC2B4AFB6769 = {isa = PBXFileReference; lastKnownFileType = file; name = "juce_audio_devices"; path = "../../../../JUCE/modules/juce_audio_devices"; sourceTree = "SOURCE_ROOT"; };
		741258CA2718C23D24A39B6F = {isa = PBXFileReference; lastKnownFileType = file.nib; name = RecentFilesMenuTemplate.nib; path = RecentFilesMenuTemplate.nib; sourceTree = "SOURCE_ROOT"; };
		93916F9FDFD27B937D65D852 = {isa = PBXFileReference; lastKnownFileType = sourcecode.cpp.objcpp; name = "include_juce_events.mm"; path = "../../JuceLibraryCode/include_juce_events.mm"; sourceTree = "SOURCE_ROOT"; };
		951BA1733D46506D2C794250 = {isa = PBXFileReference; lastKnownFileType = sourcecode.cpp.objcpp; name = "include_juce_core.mm"; path = "../../JuceLibraryCode/include_juce_core.mm"; sourceTree = "SOURCE_ROOT"; };
		DFC5FD9689BB792C0EAB9C54 = {isa = PBXFileReference; explicitFileType = wrapper.cfbundle; includeInIndex = 0; path = "BPM_Counter.component"; sourceTree = "BUILT_PRODUCTS_DIR"; };
		5597FA34C5F4F56B14453C67 = {isa = PBXFileReference; explicitFileType = wrapper.application; includeInIndex = 0; path = "BPM_Counter.app"; sourceTree = "BUILT_PRODUCTS_DIR"; };
		5B8943849EFCCE5076373C07 = {isa = PBXFileReference; lastKnownFileType = wrapper.framework; name = WebKit.framework; path = System/Library/Frameworks/WebKit.framework; sourceTree = SDKROOT; };
		6548C7EEC9C9FA02443EEAFB = {isa = PBXFileReference; lastKnownFileType = wrapper.framework; name = AudioToolbox.framework; path = System/Library/Frameworks/AudioToolbox.framework; sourceTree = SDKROOT; };
		77AD9609DD0047FCC5012026 = {isa = PBXFileReference; lastKnownFileType = file; name = "juce_audio_utils"; path = "../../../../JUCE/modules/juce_audio_utils"; sourceTree = "SOURCE_ROOT"; };
		7E58BF5E632122D05C3606FE = {isa = PBXFileReference; lastKnownFileType = sourcecode.cpp.objcpp; name = "include_juce_audio_basics.mm"; path = "../../JuceLibraryCode/include_juce_audio_basics.mm"; sourceTree = "SOURCE_ROOT"; };
		81DE8ABFA83F0F86A07480BC = {isa = PBXFileReference; lastKnownFileType = file; name = "juce_cryptography"; path = "../../../../JUCE/modules/juce_cryptography"; sourceTree = "SOURCE_ROOT"; };
		8A0A31992F5113584C474422 = {isa = PBXFileReference; lastKnownFileType = sourcecode.c.h; name = PluginProcessor.h; path = ../../Source/PluginProcessor.h; sourceTree = "SOURCE_ROOT"; };
		8C444824784E2AB8542F7102 = {isa = PBXFileReference; lastKnownFileType = wrapper.framework; name = AVFoundation.framework; path = System/Library/Frameworks/AVFoundation.framework; sourceTree = SDKROOT; };
		8E654284F2F05234D784CC5A = {isa = PBXFileReference; lastKnownFileType = sourcecode.cpp.objcpp; name = "include_juce_audio_formats.mm"; path = "../../JuceLibraryCode/include_juce_audio_formats.mm"; sourceTree = "SOURCE_ROOT"; };
		9319DB3E6313BA6CC99572AC = {isa = PBXFileReference; lastKnownFileType = file; name = "juce_audio_plugin_client"; path = "../../../../JUCE/modules/juce_audio_plugin_client"; sourceTree = "SOURCE_ROOT"; };
		984C57F95AFF49B03982C1AF = {isa = PBXFileReference; lastKnownFileType = file.r; name = "include_juce_audio_plugin_client_AU.r"; path = "../../JuceLibraryCode/include_juce_audio_plugin_client_AU.r"; sourceTree = "SOURCE_ROOT"; };
		98CF191E00594E55FDCA0C77 = {isa = PBXFileReference; lastKnownFileType = wrapper.framework; name = DiscRecording.framework; path = System/Library/Frameworks/DiscRecording.framework; sourceTree = SDKROOT; };
		A3FAD9E3BE2B04384D90EB05 = {isa = PBXFileReference; lastKnownFileType = sourcecode.cpp.objcpp; name = "include_juce_graphics.mm"; path = "../../JuceLibraryCode/include_juce_graphics.mm"; sourceTree = "SOURCE_ROOT"; };
		B20AC3DFC7F862B49736612F = {isa = PBXFileReference; lastKnownFileType = sourcecode.cpp.cpp; name = PluginEditor.cpp; path = ../../Source/PluginEditor.cpp; sourceTree = "SOURCE_ROOT"; };
		B9AD33400DAE86D6F48F8BC6 = {isa = PBXFileReference; lastKnownFileType = sourcecode.cpp.objcpp; name = "include_juce_gui_basics.mm"; path = "../../JuceLibraryCode/include_juce_gui_basics.mm"; sourceTree = "SOURCE_ROOT"; };
		BFF91112B6449314E50A44EE = {isa = PBXFileReference; lastKnownFileType = wrapper.framework; name = Carbon.framework; path = System/Library/Frameworks/Carbon.framework; sourceTree = SDKROOT; };
		C16D0A2B3CFA45858CB1A9B8 = {isa = PBXFileReference; lastKnownFileType = sourcecode.cpp.objcpp; name = "include_juce_audio_processors.mm"; path = "../../JuceLibraryCode/include_juce_audio_processors.mm"; sourceTree = "SOURCE_ROOT"; };
		C31AC10BB76CE5A3A834A1CA = {isa = PBXFileReference; lastKnownFileType = sourcecode.c.h; name = AppConfig.h; path = ../../JuceLibraryCode/AppConfig.h; sourceTree = "SOURCE_ROOT"; };
		C3CAC0D948708705796B0F4F = {isa = PBXFileReference; lastKnownFileType = sourcecode.cpp.objcpp; name = "include_juce_video.mm"; path = "../../JuceLibraryCode/include_juce_video.mm"; sourceTree = "SOURCE_ROOT"; };
		C5CC1E15D342AAE217348A76 = {isa = PBXFileReference; lastKnownFileType = sourcecode.cpp.objcpp; name = "include_juce_audio_plugin_client_VST_utils.mm"; path = "../../JuceLibraryCode/include_juce_audio_plugin_client_VST_utils.mm"; sourceTree = "SOURCE_ROOT"; };
		CE7B388A90867F56BBFD8185 = {isa = PBXFileReference; lastKnownFileType = wrapper.framework; name = Accelerate.framework; path = System/Library/Frameworks/Accelerate.framework; sourceTree = SDKROOT; };
		DAD02B2F5168831E69A2A7FA = {isa = PBXFileReference; lastKnownFileType = wrapper.framework; name = AVKit.framework; path = System/Library/Frameworks/AVKit.framework; sourceTree = SDKROOT; };
		E7486843D3CCB4B389405139 = {isa = PBXFileReference; lastKnownFileType = sourcecode.cpp.objcpp; name = "include_juce_audio_utils.mm"; path = "../../JuceLibraryCode/include_juce_audio_utils.mm"; sourceTree = "SOURCE_ROOT"; };
		E9B07E40D08BC15966D49EFB = {isa = PBXFileReference; lastKnownFileType = sourcecode.c.h; name = JuceHeader.h; path = ../../JuceLibraryCode/JuceHeader.h; sourceTree = "SOURCE_ROOT"; };
		EB5623F1A5B6F299459D7ECB = {isa = PBXFileReference; lastKnownFileType = sourcecode.cpp.objcpp; name = "include_juce_audio_plugin_client_AU_2.mm"; path = "../../JuceLibraryCode/include_juce_audio_plugin_client_AU_2.mm"; sourceTree = "SOURCE_ROOT"; };
		ECF256A3595F197AC4094357 = {isa = PBXFileReference; lastKnownFileType = wrapper.framework; name = CoreAudio.framework; path = System/Library/Frameworks/CoreAudio.framework; sourceTree = SDKROOT; };
		EEAAC24EB80AC60D66129EC2 = {isa = PBXFileReference; lastKnownFileType = file; name = "juce_audio_basics"; path = "../../../../JUCE/modules/juce_audio_basics"; sourceTree = "SOURCE_ROOT"; };
		EF06D7FBCFF7A41EE75F86D9 = {isa = PBXFileReference; lastKnownFileType = wrapper.framework; name = QuartzCore.framework; path = System/Library/Frameworks/QuartzCore.framework; sourceTree = SDKROOT; };
		F0AED5A384AF22DD771AB17D = {isa = PBXFileReference; lastKnownFileType = sourcecode.cpp.cpp; name = "include_juce_audio_plugin_client_VST2.cpp"; path = "../../JuceLibraryCode/include_juce_audio_plugin_client_VST2.cpp"; sourceTree = "SOURCE_ROOT"; };
		F2D488FE3687F9EA54B2DD11 = {isa = PBXFileReference; explicitFileType = archive.ar; includeInIndex = 0; path = "libBPM_Counter.a"; sourceTree = "BUILT_PRODUCTS_DIR"; };
		F4D0DA85CF9CE9323C4C97F4 = {isa = PBXFileReference; lastKnownFileType = sourcecode.cpp.objcpp; name = "include_juce_data_structures.mm"; path = "../../JuceLibraryCode/include_juce_data_structures.mm"; sourceTree = "SOURCE_ROOT"; };
		F57C9992B01FEBFE765DBDF1 = {isa = PBXFileReference; lastKnownFileType = file; name = "juce_gui_basics"; path = "../../../../JUCE/modules/juce_gui_basics"; sourceTree = "SOURCE_ROOT"; };
		FC9E765FABF8863CE1B650B1 = {isa = PBXFileReference; lastKnownFileType = file; name = "juce_opengl"; path = "../../../../JUCE/modules/juce_opengl"; sourceTree = "SOURCE_ROOT"; };
		82496295BE8120D75BCA219E = {isa = PBXGroup; children = (
					34A5CB8A24E0F13DCD86E99C,
					8A0A31992F5113584C474422,
					B20AC3DFC7F862B49736612F,
					26710AFC28A192F84EFE7938,
					5AADC0008E841AA6F424950E, ); name = Source; sourceTree = "<group>"; };
		DF6BB65E32DBE1513542C1A4 = {isa = PBXGroup; children = (
					82496295BE8120D75BCA219E, ); name = "BPM_Counter"; sourceTree = "<group>"; };
		7E7CB9A609D72F126C23D127 = {isa = PBXGroup; children = (
					EEAAC24EB80AC60D66129EC2,
					721CE1A8E14EBC2B4AFB6769,
					160C09E5B7F2141DF1F00430,
					9319DB3E6313BA6CC99572AC,
					6526F8DA0FCACCCBDE2442B9,
					77AD9609DD0047FCC5012026,
					6EC937C453D8E96028EDFCD6,
					81DE8ABFA83F0F86A07480BC,
					35383533C165B64001A5E7DB,
					06267F8F645CB0C1FF94F7CA,
					6CFD0E7E65322EAF1FFB6D22,
					F57C9992B01FEBFE765DBDF1,
					551DDA88AB79630693199749,
					FC9E765FABF8863CE1B650B1,
					31F56D61940C0EBD917511F0, ); name = "JUCE Modules"; sourceTree = "<group>"; };
		5D8964E878FFD26C0F7953BD = {isa = PBXGroup; children = (
					C31AC10BB76CE5A3A834A1CA,
					7E58BF5E632122D05C3606FE,
					0BAAAD991EF0603DCB47E144,
					8E654284F2F05234D784CC5A,
					984C57F95AFF49B03982C1AF,
					5E798AC76179B5DFEFA23D07,
					EB5623F1A5B6F299459D7ECB,
					1867D0E55BB0E5C12416A154,
					34A5C80F4A98F54EE0BBD640,
					C5CC1E15D342AAE217348A76,
					F0AED5A384AF22DD771AB17D,
					C16D0A2B3CFA45858CB1A9B8,
					E7486843D3CCB4B389405139,
					951BA1733D46506D2C794250,
					544155AEC13544D3E7B10B21,
					F4D0DA85CF9CE9323C4C97F4,
					93916F9FDFD27B937D65D852,
					A3FAD9E3BE2B04384D90EB05,
					B9AD33400DAE86D6F48F8BC6,
					098DDE94A3D6AA58361A1C94,
					5A666741BC683416D6CD00F8,
					C3CAC0D948708705796B0F4F,
					E9B07E40D08BC15966D49EFB, ); name = "JUCE Library Code"; sourceTree = "<group>"; };
		34581EC5BF8BEEC79697FF66 = {isa = PBXGroup; children = (
					3A6B25487515FD5F15A77503,
					4968D4771FF28A24AE742B3A,
					1DF373681DEECC933002525F,
					741258CA2718C23D24A39B6F, ); name = Resources; sourceTree = "<group>"; };
		08EBF9354ECD13D29FEBD382 = {isa = PBXGroup; children = (
					CE7B388A90867F56BBFD8185,
					6548C7EEC9C9FA02443EEAFB,
					1CC260656A4AD5F1C62BA100,
					8C444824784E2AB8542F7102,
					DAD02B2F5168831E69A2A7FA,
					BFF91112B6449314E50A44EE,
					600D3B435D08E8540EC601F6,
					ECF256A3595F197AC4094357,
					5619ED141713EF7F4CA7D7ED,
					5373B482DEF9183872C2431B,
					08C9FBE694145A7B31A8613D,
					98CF191E00594E55FDCA0C77,
					410D5914507A1B44E9517FC1,
					4E268728686F60B59EDC20C8,
					EF06D7FBCFF7A41EE75F86D9,
					5B8943849EFCCE5076373C07, ); name = Frameworks; sourceTree = "<group>"; };
		B55F8C0A59A14D8CD26BE931 = {isa = PBXGroup; children = (
					39CDDEBAA56612A45AC77510,
					DFC5FD9689BB792C0EAB9C54,
					5597FA34C5F4F56B14453C67,
					F2D488FE3687F9EA54B2DD11, ); name = Products; sourceTree = "<group>"; };
		E6D166634F528FA8E4826B22 = {isa = PBXGroup; children = (
					58B8729E499858ABC423313D,
					DF6BB65E32DBE1513542C1A4,
					7E7CB9A609D72F126C23D127,
					5D8964E878FFD26C0F7953BD,
					34581EC5BF8BEEC79697FF66,
					08EBF9354ECD13D29FEBD382,
					B55F8C0A59A14D8CD26BE931, ); name = Source; sourceTree = "<group>"; };
		E647BFE8FD290597AA0653AF = {isa = XCBuildConfiguration; buildSettings = {
				MACOSX_DEPLOYMENT_TARGET = 10.11; }; name = Debug; };
		3E073DC243145E0C91003DD7 = {isa = XCBuildConfiguration; buildSettings = {
				MACOSX_DEPLOYMENT_TARGET = 10.11; }; name = Release; };
		0F4963839F424B99161608D3 = {isa = XCBuildConfiguration; buildSettings = {
				CLANG_CXX_LANGUAGE_STANDARD = "c++14";
				CLANG_CXX_LIBRARY = "libc++";
				CLANG_LINK_OBJC_RUNTIME = NO;
				COMBINE_HIDPI_IMAGES = YES;
				CONFIGURATION_BUILD_DIR = "$(PROJECT_DIR)/build/$(CONFIGURATION)";
				COPY_PHASE_STRIP = NO;
				DEPLOYMENT_LOCATION = YES;
				DSTROOT = /;
				GCC_DYNAMIC_NO_PIC = NO;
				GCC_OPTIMIZATION_LEVEL = 0;
				GCC_PREPROCESSOR_DEFINITIONS = (
					"_DEBUG=1",
					"DEBUG=1",
					"JUCER_XCODE_MAC_F6D2F4CF=1",
					"JUCE_APP_VERSION=1.0.0",
					"JUCE_APP_VERSION_HEX=0x10000",
					"JucePlugin_Build_VST=1",
					"JucePlugin_Build_VST3=0",
					"JucePlugin_Build_AU=0",
					"JucePlugin_Build_AUv3=0",
					"JucePlugin_Build_RTAS=0",
					"JucePlugin_Build_AAX=0",
					"JucePlugin_Build_Standalone=0", );
				GCC_VERSION = com.apple.compilers.llvm.clang.1_0;
				GENERATE_PKGINFO_FILE = YES;
				HEADER_SEARCH_PATHS = ("../../JuceLibraryCode", "../../../../JUCE/modules", "../../../../JUCE/modules/juce_audio_plugin_client", "$(inherited)");
				INFOPLIST_FILE = Info-VST.plist;
				INFOPLIST_PREPROCESS = NO;
				INSTALL_PATH = "$(HOME)/Library/Audio/Plug-Ins/VST/";
				LIBRARY_STYLE = Bundle;
				MACOSX_DEPLOYMENT_TARGET = 10.11;
				MACOSX_DEPLOYMENT_TARGET_ppc = 10.4;
				OTHER_LDFLAGS = "-bundle -lBPM_Counter";
				PRODUCT_BUNDLE_IDENTIFIER = com.SIlver.BPM_Counter;
				SDKROOT_ppc = macosx10.5;
				USE_HEADERMAP = NO;
				WRAPPER_EXTENSION = vst; }; name = Debug; };
		85CDF57A54D640667E9D4ACD = {isa = XCBuildConfiguration; buildSettings = {
				CLANG_CXX_LANGUAGE_STANDARD = "c++14";
				CLANG_CXX_LIBRARY = "libc++";
				CLANG_LINK_OBJC_RUNTIME = NO;
				COMBINE_HIDPI_IMAGES = YES;
				CONFIGURATION_BUILD_DIR = "$(PROJECT_DIR)/build/$(CONFIGURATION)";
				DEAD_CODE_STRIPPING = YES;
				DEPLOYMENT_LOCATION = YES;
				DSTROOT = /;
				GCC_GENERATE_DEBUGGING_SYMBOLS = NO;
				GCC_OPTIMIZATION_LEVEL = 3;
				GCC_PREPROCESSOR_DEFINITIONS = (
					"_NDEBUG=1",
					"NDEBUG=1",
					"JUCER_XCODE_MAC_F6D2F4CF=1",
					"JUCE_APP_VERSION=1.0.0",
					"JUCE_APP_VERSION_HEX=0x10000",
					"JucePlugin_Build_VST=1",
					"JucePlugin_Build_VST3=0",
					"JucePlugin_Build_AU=0",
					"JucePlugin_Build_AUv3=0",
					"JucePlugin_Build_RTAS=0",
					"JucePlugin_Build_AAX=0",
					"JucePlugin_Build_Standalone=0", );
				GCC_SYMBOLS_PRIVATE_EXTERN = YES;
				GCC_VERSION = com.apple.compilers.llvm.clang.1_0;
				GENERATE_PKGINFO_FILE = YES;
				HEADER_SEARCH_PATHS = ("../../JuceLibraryCode", "../../../../JUCE/modules", "../../../../JUCE/modules/juce_audio_plugin_client", "$(inherited)");
				INFOPLIST_FILE = Info-VST.plist;
				INFOPLIST_PREPROCESS = NO;
				INSTALL_PATH = "$(HOME)/Library/Audio/Plug-Ins/VST/";
				LIBRARY_STYLE = Bundle;
				LLVM_LTO = YES;
				MACOSX_DEPLOYMENT_TARGET = 10.11;
				MACOSX_DEPLOYMENT_TARGET_ppc = 10.4;
				OTHER_LDFLAGS = "-bundle -lBPM_Counter";
				PRODUCT_BUNDLE_IDENTIFIER = com.SIlver.BPM_Counter;
				SDKROOT_ppc = macosx10.5;
				USE_HEADERMAP = NO;
				WRAPPER_EXTENSION = vst; }; name = Release; };
		F7D2F51CA8B7E174CEC31C4D = {isa = XCBuildConfiguration; buildSettings = {
				CLANG_CXX_LANGUAGE_STANDARD = "c++14";
				CLANG_CXX_LIBRARY = "libc++";
				CLANG_LINK_OBJC_RUNTIME = NO;
				COMBINE_HIDPI_IMAGES = YES;
				CONFIGURATION_BUILD_DIR = "$(PROJECT_DIR)/build/$(CONFIGURATION)";
				COPY_PHASE_STRIP = NO;
				DEPLOYMENT_LOCATION = YES;
				DSTROOT = /;
				GCC_DYNAMIC_NO_PIC = NO;
				GCC_OPTIMIZATION_LEVEL = 0;
				GCC_PREPROCESSOR_DEFINITIONS = (
					"_DEBUG=1",
					"DEBUG=1",
					"JUCER_XCODE_MAC_F6D2F4CF=1",
					"JUCE_APP_VERSION=1.0.0",
					"JUCE_APP_VERSION_HEX=0x10000",
					"JucePlugin_Build_VST=0",
					"JucePlugin_Build_VST3=0",
					"JucePlugin_Build_AU=1",
					"JucePlugin_Build_AUv3=0",
					"JucePlugin_Build_RTAS=0",
					"JucePlugin_Build_AAX=0",
					"JucePlugin_Build_Standalone=0", );
				GCC_VERSION = com.apple.compilers.llvm.clang.1_0;
				GENERATE_PKGINFO_FILE = YES;
				HEADER_SEARCH_PATHS = ("../../JuceLibraryCode", "../../../../JUCE/modules", "../../../../JUCE/modules/juce_audio_plugin_client", "$(inherited)");
				INFOPLIST_FILE = Info-AU.plist;
				INFOPLIST_PREPROCESS = NO;
				INSTALL_PATH = "$(HOME)/Library/Audio/Plug-Ins/Components/";
				LIBRARY_STYLE = Bundle;
				MACOSX_DEPLOYMENT_TARGET = 10.11;
				MACOSX_DEPLOYMENT_TARGET_ppc = 10.4;
				OTHER_LDFLAGS = "-bundle -lBPM_Counter";
				OTHER_REZFLAGS = "-d ppc_$ppc -d i386_$i386 -d ppc64_$ppc64 -d x86_64_$x86_64 -I /System/Library/Frameworks/CoreServices.framework/Frameworks/CarbonCore.framework/Versions/A/Headers -I \"$(DEVELOPER_DIR)/Extras/CoreAudio/AudioUnits/AUPublic/AUBase\"";
				PRODUCT_BUNDLE_IDENTIFIER = com.SIlver.BPM_Counter;
				SDKROOT_ppc = macosx10.5;
				USE_HEADERMAP = NO;
				WRAPPER_EXTENSION = component; }; name = Debug; };
		C6EE5D5BD27B4C9D8B4CA76F = {isa = XCBuildConfiguration; buildSettings = {
				CLANG_CXX_LANGUAGE_STANDARD = "c++14";
				CLANG_CXX_LIBRARY = "libc++";
				CLANG_LINK_OBJC_RUNTIME = NO;
				COMBINE_HIDPI_IMAGES = YES;
				CONFIGURATION_BUILD_DIR = "$(PROJECT_DIR)/build/$(CONFIGURATION)";
				DEAD_CODE_STRIPPING = YES;
				DEPLOYMENT_LOCATION = YES;
				DSTROOT = /;
				GCC_GENERATE_DEBUGGING_SYMBOLS = NO;
				GCC_OPTIMIZATION_LEVEL = 3;
				GCC_PREPROCESSOR_DEFINITIONS = (
					"_NDEBUG=1",
					"NDEBUG=1",
					"JUCER_XCODE_MAC_F6D2F4CF=1",
					"JUCE_APP_VERSION=1.0.0",
					"JUCE_APP_VERSION_HEX=0x10000",
					"JucePlugin_Build_VST=0",
					"JucePlugin_Build_VST3=0",
					"JucePlugin_Build_AU=1",
					"JucePlugin_Build_AUv3=0",
					"JucePlugin_Build_RTAS=0",
					"JucePlugin_Build_AAX=0",
					"JucePlugin_Build_Standalone=0", );
				GCC_SYMBOLS_PRIVATE_EXTERN = YES;
				GCC_VERSION = com.apple.compilers.llvm.clang.1_0;
				GENERATE_PKGINFO_FILE = YES;
				HEADER_SEARCH_PATHS = ("../../JuceLibraryCode", "../../../../JUCE/modules", "../../../../JUCE/modules/juce_audio_plugin_client", "$(inherited)");
				INFOPLIST_FILE = Info-AU.plist;
				INFOPLIST_PREPROCESS = NO;
				INSTALL_PATH = "$(HOME)/Library/Audio/Plug-Ins/Components/";
				LIBRARY_STYLE = Bundle;
				LLVM_LTO = YES;
				MACOSX_DEPLOYMENT_TARGET = 10.11;
				MACOSX_DEPLOYMENT_TARGET_ppc = 10.4;
				OTHER_LDFLAGS = "-bundle -lBPM_Counter";
				OTHER_REZFLAGS = "-d ppc_$ppc -d i386_$i386 -d ppc64_$ppc64 -d x86_64_$x86_64 -I /System/Library/Frameworks/CoreServices.framework/Frameworks/CarbonCore.framework/Versions/A/Headers -I \"$(DEVELOPER_DIR)/Extras/CoreAudio/AudioUnits/AUPublic/AUBase\"";
				PRODUCT_BUNDLE_IDENTIFIER = com.SIlver.BPM_Counter;
				SDKROOT_ppc = macosx10.5;
				USE_HEADERMAP = NO;
				WRAPPER_EXTENSION = component; }; name = Release; };
		7532811E2C313CDB57F2340E = {isa = XCBuildConfiguration; buildSettings = {
				CLANG_CXX_LANGUAGE_STANDARD = "c++14";
				CLANG_CXX_LIBRARY = "libc++";
				CLANG_LINK_OBJC_RUNTIME = NO;
				COMBINE_HIDPI_IMAGES = YES;
				CONFIGURATION_BUILD_DIR = "$(PROJECT_DIR)/build/$(CONFIGURATION)";
				COPY_PHASE_STRIP = NO;
				GCC_DYNAMIC_NO_PIC = NO;
				GCC_OPTIMIZATION_LEVEL = 0;
				GCC_PREPROCESSOR_DEFINITIONS = (
					"_DEBUG=1",
					"DEBUG=1",
					"JUCER_XCODE_MAC_F6D2F4CF=1",
					"JUCE_APP_VERSION=1.0.0",
					"JUCE_APP_VERSION_HEX=0x10000",
					"JucePlugin_Build_VST=0",
					"JucePlugin_Build_VST3=0",
					"JucePlugin_Build_AU=0",
					"JucePlugin_Build_AUv3=0",
					"JucePlugin_Build_RTAS=0",
					"JucePlugin_Build_AAX=0",
					"JucePlugin_Build_Standalone=1", );
				GCC_VERSION = com.apple.compilers.llvm.clang.1_0;
				HEADER_SEARCH_PATHS = ("../../JuceLibraryCode", "../../../../JUCE/modules", "../../../../JUCE/modules/juce_audio_plugin_client", "$(inherited)");
				INFOPLIST_FILE = Info-Standalone_Plugin.plist;
				INFOPLIST_PREPROCESS = NO;
				MACOSX_DEPLOYMENT_TARGET = 10.11;
				MACOSX_DEPLOYMENT_TARGET_ppc = 10.4;
				OTHER_LDFLAGS = "-lBPM_Counter";
				PRODUCT_BUNDLE_IDENTIFIER = com.SIlver.BPM_Counter;
				SDKROOT_ppc = macosx10.5;
				USE_HEADERMAP = NO; }; name = Debug; };
		1755778E67C440B35E9DF0A9 = {isa = XCBuildConfiguration; buildSettings = {
				CLANG_CXX_LANGUAGE_STANDARD = "c++14";
				CLANG_CXX_LIBRARY = "libc++";
				CLANG_LINK_OBJC_RUNTIME = NO;
				COMBINE_HIDPI_IMAGES = YES;
				CONFIGURATION_BUILD_DIR = "$(PROJECT_DIR)/build/$(CONFIGURATION)";
				DEAD_CODE_STRIPPING = YES;
				GCC_GENERATE_DEBUGGING_SYMBOLS = NO;
				GCC_OPTIMIZATION_LEVEL = 3;
				GCC_PREPROCESSOR_DEFINITIONS = (
					"_NDEBUG=1",
					"NDEBUG=1",
					"JUCER_XCODE_MAC_F6D2F4CF=1",
					"JUCE_APP_VERSION=1.0.0",
					"JUCE_APP_VERSION_HEX=0x10000",
					"JucePlugin_Build_VST=0",
					"JucePlugin_Build_VST3=0",
					"JucePlugin_Build_AU=0",
					"JucePlugin_Build_AUv3=0",
					"JucePlugin_Build_RTAS=0",
					"JucePlugin_Build_AAX=0",
					"JucePlugin_Build_Standalone=1", );
				GCC_SYMBOLS_PRIVATE_EXTERN = YES;
				GCC_VERSION = com.apple.compilers.llvm.clang.1_0;
				HEADER_SEARCH_PATHS = ("../../JuceLibraryCode", "../../../../JUCE/modules", "../../../../JUCE/modules/juce_audio_plugin_client", "$(inherited)");
				INFOPLIST_FILE = Info-Standalone_Plugin.plist;
				INFOPLIST_PREPROCESS = NO;
				LLVM_LTO = YES;
				MACOSX_DEPLOYMENT_TARGET = 10.11;
				MACOSX_DEPLOYMENT_TARGET_ppc = 10.4;
				OTHER_LDFLAGS = "-lBPM_Counter";
				PRODUCT_BUNDLE_IDENTIFIER = com.SIlver.BPM_Counter;
				SDKROOT_ppc = macosx10.5;
				USE_HEADERMAP = NO; }; name = Release; };
		66FB6FE1059AF5E5A5FDC6B5 = {isa = XCBuildConfiguration; buildSettings = {
				CLANG_CXX_LANGUAGE_STANDARD = "c++14";
				CLANG_CXX_LIBRARY = "libc++";
				CLANG_LINK_OBJC_RUNTIME = NO;
				COMBINE_HIDPI_IMAGES = YES;
				CONFIGURATION_BUILD_DIR = "$(PROJECT_DIR)/build/$(CONFIGURATION)";
				COPY_PHASE_STRIP = NO;
				GCC_DYNAMIC_NO_PIC = NO;
				GCC_OPTIMIZATION_LEVEL = 0;
				GCC_PREPROCESSOR_DEFINITIONS = (
					"_DEBUG=1",
					"DEBUG=1",
					"JUCER_XCODE_MAC_F6D2F4CF=1",
					"JUCE_APP_VERSION=1.0.0",
					"JUCE_APP_VERSION_HEX=0x10000",
					"JucePlugin_Build_VST=1",
					"JucePlugin_Build_VST3=0",
					"JucePlugin_Build_AU=1",
					"JucePlugin_Build_AUv3=0",
					"JucePlugin_Build_RTAS=0",
					"JucePlugin_Build_AAX=0",
					"JucePlugin_Build_Standalone=1",
					"JUCE_SHARED_CODE=1", );
				GCC_VERSION = com.apple.compilers.llvm.clang.1_0;
				HEADER_SEARCH_PATHS = ("../../JuceLibraryCode", "../../../../JUCE/modules", "../../../../JUCE/modules/juce_audio_plugin_client", "$(inherited)");
				INSTALL_PATH = "@executable_path/../Frameworks";
				MACOSX_DEPLOYMENT_TARGET = 10.11;
				MACOSX_DEPLOYMENT_TARGET_ppc = 10.4;
				PRODUCT_BUNDLE_IDENTIFIER = com.SIlver.BPM_Counter;
				SDKROOT_ppc = macosx10.5;
				USE_HEADERMAP = NO; }; name = Debug; };
		CC0BB0276B2162A2D3927CDC = {isa = XCBuildConfiguration; buildSettings = {
				CLANG_CXX_LANGUAGE_STANDARD = "c++14";
				CLANG_CXX_LIBRARY = "libc++";
				CLANG_LINK_OBJC_RUNTIME = NO;
				COMBINE_HIDPI_IMAGES = YES;
				CONFIGURATION_BUILD_DIR = "$(PROJECT_DIR)/build/$(CONFIGURATION)";
				DEAD_CODE_STRIPPING = YES;
				GCC_GENERATE_DEBUGGING_SYMBOLS = NO;
				GCC_OPTIMIZATION_LEVEL = 3;
				GCC_PREPROCESSOR_DEFINITIONS = (
					"_NDEBUG=1",
					"NDEBUG=1",
					"JUCER_XCODE_MAC_F6D2F4CF=1",
					"JUCE_APP_VERSION=1.0.0",
					"JUCE_APP_VERSION_HEX=0x10000",
					"JucePlugin_Build_VST=1",
					"JucePlugin_Build_VST3=0",
					"JucePlugin_Build_AU=1",
					"JucePlugin_Build_AUv3=0",
					"JucePlugin_Build_RTAS=0",
					"JucePlugin_Build_AAX=0",
					"JucePlugin_Build_Standalone=1",
					"JUCE_SHARED_CODE=1", );
				GCC_SYMBOLS_PRIVATE_EXTERN = YES;
				GCC_VERSION = com.apple.compilers.llvm.clang.1_0;
				HEADER_SEARCH_PATHS = ("../../JuceLibraryCode", "../../../../JUCE/modules", "../../../../JUCE/modules/juce_audio_plugin_client", "$(inherited)");
				INSTALL_PATH = "@executable_path/../Frameworks";
				LLVM_LTO = YES;
				MACOSX_DEPLOYMENT_TARGET = 10.11;
				MACOSX_DEPLOYMENT_TARGET_ppc = 10.4;
				PRODUCT_BUNDLE_IDENTIFIER = com.SIlver.BPM_Counter;
				SDKROOT_ppc = macosx10.5;
				USE_HEADERMAP = NO; }; name = Release; };
		14F616F9D0C4F994555DAA1C = {isa = XCBuildConfiguration; buildSettings = {
				ALWAYS_SEARCH_USER_PATHS = NO;
				CLANG_WARN_BLOCK_CAPTURE_AUTORELEASING = YES;
				CLANG_WARN_BOOL_CONVERSION = YES;
				CLANG_WARN_COMMA = YES;
				CLANG_WARN_CONSTANT_CONVERSION = YES;
				CLANG_WARN_EMPTY_BODY = YES;
				CLANG_WARN_ENUM_CONVERSION = YES;
				CLANG_WARN_INFINITE_RECURSION = YES;
				CLANG_WARN_INT_CONVERSION = YES;
				CLANG_WARN_NON_LITERAL_NULL_CONVERSION = YES;
				CLANG_WARN_OBJC_LITERAL_CONVERSION = YES;
				CLANG_WARN_RANGE_LOOP_ANALYSIS = YES;
				CLANG_WARN_STRICT_PROTOTYPES = YES;
				CLANG_WARN_SUSPICIOUS_MOVE = YES;
				CLANG_WARN_UNREACHABLE_CODE = YES;
				CLANG_WARN__DUPLICATE_METHOD_MATCH = YES;
				DEBUG_INFORMATION_FORMAT = "dwarf";
				ENABLE_STRICT_OBJC_MSGSEND = YES;
				ENABLE_TESTABILITY = YES;
				GCC_C_LANGUAGE_STANDARD = c11;
				GCC_INLINES_ARE_PRIVATE_EXTERN = YES;
				GCC_MODEL_TUNING = G5;
				GCC_NO_COMMON_BLOCKS = YES;
				GCC_WARN_64_TO_32_BIT_CONVERSION = YES;
				GCC_WARN_ABOUT_RETURN_TYPE = YES;
				GCC_WARN_CHECK_SWITCH_STATEMENTS = YES;
				GCC_WARN_MISSING_PARENTHESES = YES;
				GCC_WARN_NON_VIRTUAL_DESTRUCTOR = YES;
				GCC_WARN_TYPECHECK_CALLS_TO_PRINTF = YES;
				GCC_WARN_UNDECLARED_SELECTOR = YES;
				GCC_WARN_UNINITIALIZED_AUTOS = YES;
				GCC_WARN_UNUSED_FUNCTION = YES;
				GCC_WARN_UNUSED_VARIABLE = YES;
				ONLY_ACTIVE_ARCH = YES;
				PRODUCT_NAME = "BPM_Counter";
				WARNING_CFLAGS = -Wreorder;
				ZERO_LINK = NO; }; name = Debug; };
		761B263DF6BC630B1DBA7673 = {isa = XCBuildConfiguration; buildSettings = {
				ALWAYS_SEARCH_USER_PATHS = NO;
				CLANG_WARN_BLOCK_CAPTURE_AUTORELEASING = YES;
				CLANG_WARN_BOOL_CONVERSION = YES;
				CLANG_WARN_COMMA = YES;
				CLANG_WARN_CONSTANT_CONVERSION = YES;
				CLANG_WARN_EMPTY_BODY = YES;
				CLANG_WARN_ENUM_CONVERSION = YES;
				CLANG_WARN_INFINITE_RECURSION = YES;
				CLANG_WARN_INT_CONVERSION = YES;
				CLANG_WARN_NON_LITERAL_NULL_CONVERSION = YES;
				CLANG_WARN_OBJC_LITERAL_CONVERSION = YES;
				CLANG_WARN_RANGE_LOOP_ANALYSIS = YES;
				CLANG_WARN_STRICT_PROTOTYPES = YES;
				CLANG_WARN_SUSPICIOUS_MOVE = YES;
				CLANG_WARN_UNREACHABLE_CODE = YES;
				CLANG_WARN__DUPLICATE_METHOD_MATCH = YES;
				DEBUG_INFORMATION_FORMAT = "dwarf";
				ENABLE_STRICT_OBJC_MSGSEND = YES;
				GCC_C_LANGUAGE_STANDARD = c11;
				GCC_INLINES_ARE_PRIVATE_EXTERN = YES;
				GCC_MODEL_TUNING = G5;
				GCC_NO_COMMON_BLOCKS = YES;
				GCC_WARN_64_TO_32_BIT_CONVERSION = YES;
				GCC_WARN_ABOUT_RETURN_TYPE = YES;
				GCC_WARN_CHECK_SWITCH_STATEMENTS = YES;
				GCC_WARN_MISSING_PARENTHESES = YES;
				GCC_WARN_NON_VIRTUAL_DESTRUCTOR = YES;
				GCC_WARN_TYPECHECK_CALLS_TO_PRINTF = YES;
				GCC_WARN_UNDECLARED_SELECTOR = YES;
				GCC_WARN_UNINITIALIZED_AUTOS = YES;
				GCC_WARN_UNUSED_FUNCTION = YES;
				GCC_WARN_UNUSED_VARIABLE = YES;
				PRODUCT_NAME = "BPM_Counter";
				WARNING_CFLAGS = -Wreorder;
				ZERO_LINK = NO; }; name = Release; };
		9808AEB30E54B9A82DD979BC = {isa = PBXTargetDependency; target = AFD9693BB3FC8C446E3FC262; };
		EF7DD6C6B3E97CB6B2F3C7AE = {isa = PBXTargetDependency; target = A3BAE5E932CD964FDE7BFCFA; };
		A0A61A6E943844BE55A657E8 = {isa = PBXTargetDependency; target = 28357D5326337B7C98DA52C7; };
		3714248556EF672DDA18702A = {isa = PBXTargetDependency; target = 234D0064B84AF02C81CADA8F; };
		68525014FEE28E92727E9B99 = {isa = XCConfigurationList; buildConfigurations = (
					14F616F9D0C4F994555DAA1C,
					761B263DF6BC630B1DBA7673, ); defaultConfigurationIsVisible = 0; defaultConfigurationName = Debug; };
		334B44A582CDA7321E2CA55B = {isa = XCConfigurationList; buildConfigurations = (
					E647BFE8FD290597AA0653AF,
					3E073DC243145E0C91003DD7, ); defaultConfigurationIsVisible = 0; defaultConfigurationName = Debug; };
		B20350EF88BBE6D266BA8CE7 = {isa = PBXAggregateTarget; buildConfigurationList = 334B44A582CDA7321E2CA55B; buildPhases = (  ); buildRules = ( ); dependencies = (
					9808AEB30E54B9A82DD979BC,
					EF7DD6C6B3E97CB6B2F3C7AE,
					A0A61A6E943844BE55A657E8,
					3714248556EF672DDA18702A, ); name = "BPM_Counter - All"; productName = "BPM_Counter"; };
		4062A6A238A42BDD7686C564 = {isa = XCConfigurationList; buildConfigurations = (
					0F4963839F424B99161608D3,
					85CDF57A54D640667E9D4ACD, ); defaultConfigurationIsVisible = 0; defaultConfigurationName = Debug; };
		8A13502A7FEC938BF4100257 = {isa = PBXResourcesBuildPhase; buildActionMask = 2147483647; files = (
					C5ED4D22FD1B781D6CD46256, ); runOnlyForDeploymentPostprocessing = 0; };
		ED0A9D2C4DACD1964509346D = {isa = PBXSourcesBuildPhase; buildActionMask = 2147483647; files = (
					23A4AEAB3DF46884B1FD07F5, ); runOnlyForDeploymentPostprocessing = 0; };
		5091C1B6028C913F4C9C91EC = {isa = PBXFrameworksBuildPhase; buildActionMask = 2147483647; files = (
					42C536E1BB18AF238C201FDE,
					01DC264DA1E4B3ADE3FC9F33,
					75DB4D2B2FDCE5CD02D9BA03,
					F4AA6B99FEFFCD8EDB7634CD,
					820B7532D039D35295F69A28,
					EC6F1C58C6501C6C8C0EC4EA,
					424F63014CD95CE0B3B3DAA7,
					ABB7942D560818A8F3BFEEED,
					793744B5FA9AD6D159021552,
					70568690A29CD2C5ED621330,
					4E70B4E8F3C90A62E84B85A5,
					52792A3D9A0A42B30B515DC6,
					833FFE120ADF69DA53FE7CD0,
					FB46CB4E4DA4DF6D1A1EFEFF, ); runOnlyForDeploymentPostprocessing = 0; };
		AFD9693BB3FC8C446E3FC262 = {isa = PBXNativeTarget; buildConfigurationList = 4062A6A238A42BDD7686C564; buildPhases = (
					8A13502A7FEC938BF4100257,
					ED0A9D2C4DACD1964509346D,
					5091C1B6028C913F4C9C91EC, ); buildRules = ( ); dependencies = (
					3714248556EF672DDA18702A, ); name = "BPM_Counter - VST"; productName = "BPM_Counter"; productReference = 39CDDEBAA56612A45AC77510; productType = "com.apple.product-type.bundle"; };
		808D717EAE31570BCD468C52 = {isa = XCConfigurationList; buildConfigurations = (
					F7D2F51CA8B7E174CEC31C4D,
					C6EE5D5BD27B4C9D8B4CA76F, ); defaultConfigurationIsVisible = 0; defaultConfigurationName = Debug; };
		42518354D56232364D0ADC16 = {isa = PBXResourcesBuildPhase; buildActionMask = 2147483647; files = (
					C5ED4D22FD1B781D6CD46256, ); runOnlyForDeploymentPostprocessing = 0; };
		4C7E8DBFC934B07F4155D29C = {isa = PBXRezBuildPhase; buildActionMask = 2147483647; files = (
					35093BCC1575A5D4C965C14F, ); runOnlyForDeploymentPostprocessing = 0; };
		78E323641FDA705BD15453D0 = {isa = PBXSourcesBuildPhase; buildActionMask = 2147483647; files = (
					D78B949EDA28020EAC2597D1,
					704DFEA1D2E02E66161CE872, ); runOnlyForDeploymentPostprocessing = 0; };
		D76647100A2FB154A161AB7E = {isa = PBXFrameworksBuildPhase; buildActionMask = 2147483647; files = (
					42C536E1BB18AF238C201FDE,
					01DC264DA1E4B3ADE3FC9F33,
					4F667B5DF823E9160F01E1D2,
					75DB4D2B2FDCE5CD02D9BA03,
					F4AA6B99FEFFCD8EDB7634CD,
					820B7532D039D35295F69A28,
					EC6F1C58C6501C6C8C0EC4EA,
					424F63014CD95CE0B3B3DAA7,
					455AC68A98461522A571813F,
					ABB7942D560818A8F3BFEEED,
					793744B5FA9AD6D159021552,
					70568690A29CD2C5ED621330,
					4E70B4E8F3C90A62E84B85A5,
					52792A3D9A0A42B30B515DC6,
					833FFE120ADF69DA53FE7CD0,
					FB46CB4E4DA4DF6D1A1EFEFF, ); runOnlyForDeploymentPostprocessing = 0; };
		A3BAE5E932CD964FDE7BFCFA = {isa = PBXNativeTarget; buildConfigurationList = 808D717EAE31570BCD468C52; buildPhases = (
					42518354D56232364D0ADC16,
					4C7E8DBFC934B07F4155D29C,
					78E323641FDA705BD15453D0,
					D76647100A2FB154A161AB7E, ); buildRules = ( ); dependencies = (
					3714248556EF672DDA18702A, ); name = "BPM_Counter - AU"; productName = "BPM_Counter"; productReference = DFC5FD9689BB792C0EAB9C54; productType = "com.apple.product-type.bundle"; };
		0C0D40533B7C5899E3F25887 = {isa = XCConfigurationList; buildConfigurations = (
					7532811E2C313CDB57F2340E,
					1755778E67C440B35E9DF0A9, ); defaultConfigurationIsVisible = 0; defaultConfigurationName = Debug; };
		CC0A5CEA8F9CCAC810D2BEBB = {isa = PBXResourcesBuildPhase; buildActionMask = 2147483647; files = (
					C5ED4D22FD1B781D6CD46256, ); runOnlyForDeploymentPostprocessing = 0; };
		FDD24387C4D4F84DAB10E956 = {isa = PBXSourcesBuildPhase; buildActionMask = 2147483647; files = (
					479C192A87BA5A0B3C612E05, ); runOnlyForDeploymentPostprocessing = 0; };
		99B2491B408DFF3131746234 = {isa = PBXFrameworksBuildPhase; buildActionMask = 2147483647; files = (
					42C536E1BB18AF238C201FDE,
					01DC264DA1E4B3ADE3FC9F33,
					75DB4D2B2FDCE5CD02D9BA03,
					F4AA6B99FEFFCD8EDB7634CD,
					820B7532D039D35295F69A28,
					EC6F1C58C6501C6C8C0EC4EA,
					424F63014CD95CE0B3B3DAA7,
					ABB7942D560818A8F3BFEEED,
					793744B5FA9AD6D159021552,
					70568690A29CD2C5ED621330,
					4E70B4E8F3C90A62E84B85A5,
					52792A3D9A0A42B30B515DC6,
					833FFE120ADF69DA53FE7CD0,
					FB46CB4E4DA4DF6D1A1EFEFF, ); runOnlyForDeploymentPostprocessing = 0; };
		28357D5326337B7C98DA52C7 = {isa = PBXNativeTarget; buildConfigurationList = 0C0D40533B7C5899E3F25887; buildPhases = (
					CC0A5CEA8F9CCAC810D2BEBB,
					FDD24387C4D4F84DAB10E956,
					99B2491B408DFF3131746234, ); buildRules = ( ); dependencies = (
					3714248556EF672DDA18702A, ); name = "BPM_Counter - Standalone Plugin"; productName = "BPM_Counter"; productReference = 5597FA34C5F4F56B14453C67; productType = "com.apple.product-type.application"; };
		E4A8750830D05316BB645C4D = {isa = XCConfigurationList; buildConfigurations = (
					66FB6FE1059AF5E5A5FDC6B5,
					CC0BB0276B2162A2D3927CDC, ); defaultConfigurationIsVisible = 0; defaultConfigurationName = Debug; };
		38C770DB41CB01915251E8C5 = {isa = PBXSourcesBuildPhase; buildActionMask = 2147483647; files = (
					3408B6361A923EFBAE184027,
					37F56BA0B2A3AC69C2B757D1,
					DEDF49C4A14FAED7BA10AB10,
					8FAFFEADBE2F1DB52665B3D1,
					E445C2AA1228738E552B814E,
					F8EDF33047567AEFEE2F672C,
					356CAF5E68C6C1EB236BD103,
					AD4666B55009A7B5EC4C1EF3,
					0925FC0F88934040FB01C3A6,
					A13CACEE945A7355054B53F1,
					850BBD184E7680DC8B428FF2,
					154F967B1363BDE8C498504B,
					BE217DF1003C34D1487849E8,
					268CB2E02D3D9142A0B07AC5,
					516D569E087C05C431628F53,
					5B037BC6A649D30875573CB7,
					488EC403E13546CA0628D627,
					ABCA81D76854104D5B0AB657, ); runOnlyForDeploymentPostprocessing = 0; };
		234D0064B84AF02C81CADA8F = {isa = PBXNativeTarget; buildConfigurationList = E4A8750830D05316BB645C4D; buildPhases = (
					38C770DB41CB01915251E8C5, ); buildRules = ( ); dependencies = (  ); name = "BPM_Counter - Shared Code"; productName = "BPM_Counter"; productReference = F2D488FE3687F9EA54B2DD11; productType = "com.apple.product-type.library.static"; };
		2B58CD8FEFFA9E7D549E0242 = {isa = PBXProject; buildConfigurationList = 68525014FEE28E92727E9B99; attributes = { LastUpgradeCheck = 0930; ORGANIZATIONNAME = "Silver"; TargetAttributes = { B20350EF88BBE6D266BA8CE7 = { SystemCapabilities = {com.apple.ApplicationGroups.iOS = { enabled = 0; }; com.apple.InAppPurchase = { enabled = 0; }; com.apple.InterAppAudio = { enabled = 0; }; com.apple.Push = { enabled = 0; }; com.apple.Sandbox = { enabled = 0; }; }; };AFD9693BB3FC8C446E3FC262 = { SystemCapabilities = {com.apple.ApplicationGroups.iOS = { enabled = 0; }; com.apple.InAppPurchase = { enabled = 0; }; com.apple.InterAppAudio = { enabled = 0; }; com.apple.Push = { enabled = 0; }; com.apple.Sandbox = { enabled = 0; }; }; };A3BAE5E932CD964FDE7BFCFA = { SystemCapabilities = {com.apple.ApplicationGroups.iOS = { enabled = 0; }; com.apple.InAppPurchase = { enabled = 0; }; com.apple.InterAppAudio = { enabled = 0; }; com.apple.Push = { enabled = 0; }; com.apple.Sandbox = { enabled = 0; }; }; };28357D5326337B7C98DA52C7 = { SystemCapabilities = {com.apple.ApplicationGroups.iOS = { enabled = 0; }; com.apple.InAppPurchase = { enabled = 0; }; com.apple.InterAppAudio = { enabled = 0; }; com.apple.Push = { enabled = 0; }; com.apple.Sandbox = { enabled = 0; }; }; };234D0064B84AF02C81CADA8F = { SystemCapabilities = {com.apple.ApplicationGroups.iOS = { enabled = 0; }; com.apple.InAppPurchase = { enabled = 0; }; com.apple.InterAppAudio = { enabled = 0; }; com.apple.Push = { enabled = 0; }; com.apple.Sandbox = { enabled = 0; }; }; }; }; }; compatibilityVersion = "Xcode 3.2"; hasScannedForEncodings = 0; mainGroup = E6D166634F528FA8E4826B22; projectDirPath = ""; projectRoot = ""; targets = (B20350EF88BBE6D266BA8CE7, AFD9693BB3FC8C446E3FC262, A3BAE5E932CD964FDE7BFCFA, 28357D5326337B7C98DA52C7, 234D0064B84AF02C81CADA8F); };
	};
	rootObject = 2B58CD8FEFFA9E7D549E0242;
}
